
Microsoft Visual Studio Solution File, Format Version 12.00
# Visual Studio Version 16
VisualStudioVersion = 16.0.29424.173
MinimumVisualStudioVersion = 10.0.40219.1
Project("{9A19103F-16F7-4668-BE54-9A1E7A4F7556}") = "OurDevices", "OurDevices.csproj", "{A39D8E17-D1D5-4A2D-B4CF-31AF6EED1E20}"
EndProject
Project("{9A19103F-16F7-4668-BE54-9A1E7A4F7556}") = "MyDotNetCoreLibrary", "..\MyDotNetCoreLibrary\MyDotNetCoreLibrary.csproj", "{F531E1C1-70C6-448E-A3BC-AC4F6957FAD5}"
EndProject
Project("{00D1A9C2-B5F0-4AF3-8072-F6C62B433612}") = "SQLSupportForOurDevices", "..\SQLSupportForOurDevices\SQLSupportForOurDevices.sqlproj", "{2178DD66-1CCB-4147-815E-2993DD8381D0}"
EndProject
Global
	GlobalSection(SolutionConfigurationPlatforms) = preSolution
		Debug|Any CPU = Debug|Any CPU
		Release|Any CPU = Release|Any CPU
	EndGlobalSection
	GlobalSection(ProjectConfigurationPlatforms) = postSolution
		{A39D8E17-D1D5-4A2D-B4CF-31AF6EED1E20}.Debug|Any CPU.ActiveCfg = Debug|Any CPU
		{A39D8E17-D1D5-4A2D-B4CF-31AF6EED1E20}.Debug|Any CPU.Build.0 = Debug|Any CPU
		{A39D8E17-D1D5-4A2D-B4CF-31AF6EED1E20}.Release|Any CPU.ActiveCfg = Release|Any CPU
		{A39D8E17-D1D5-4A2D-B4CF-31AF6EED1E20}.Release|Any CPU.Build.0 = Release|Any CPU
		{F531E1C1-70C6-448E-A3BC-AC4F6957FAD5}.Debug|Any CPU.ActiveCfg = Debug|Any CPU
		{F531E1C1-70C6-448E-A3BC-AC4F6957FAD5}.Debug|Any CPU.Build.0 = Debug|Any CPU
		{F531E1C1-70C6-448E-A3BC-AC4F6957FAD5}.Release|Any CPU.ActiveCfg = Release|Any CPU
		{F531E1C1-70C6-448E-A3BC-AC4F6957FAD5}.Release|Any CPU.Build.0 = Release|Any CPU
		{2178DD66-1CCB-4147-815E-2993DD8381D0}.Debug|Any CPU.ActiveCfg = Debug|Any CPU
		{2178DD66-1CCB-4147-815E-2993DD8381D0}.Debug|Any CPU.Build.0 = Debug|Any CPU
		{2178DD66-1CCB-4147-815E-2993DD8381D0}.Debug|Any CPU.Deploy.0 = Debug|Any CPU
		{2178DD66-1CCB-4147-815E-2993DD8381D0}.Release|Any CPU.ActiveCfg = Release|Any CPU
		{2178DD66-1CCB-4147-815E-2993DD8381D0}.Release|Any CPU.Build.0 = Release|Any CPU
		{2178DD66-1CCB-4147-815E-2993DD8381D0}.Release|Any CPU.Deploy.0 = Release|Any CPU
	EndGlobalSection
	GlobalSection(SolutionProperties) = preSolution
		HideSolutionNode = FALSE
	EndGlobalSection
	GlobalSection(ExtensibilityGlobals) = postSolution
		SolutionGuid = {BFAD9273-F32D-4B79-B561-9BE591C5809B}
	EndGlobalSection
EndGlobal
